PODS:
  - Alamofire (3.4.1)
  - AlamofireImage (2.4.1):
    - Alamofire (~> 3.3)

DEPENDENCIES:
  - Alamofire (~> 3.4)
  - AlamofireImage (~> 2.4)

SPEC CHECKSUMS:
  Alamofire: 01a82e2f6c0f860ade35534c8dd88be61bdef40c
  AlamofireImage: 3ccf3347d9ea24580dc11fb892770a0be6a29826

PODFILE CHECKSUM: f4c3f1f1e7b715f1357fd5cc247273de640f1b21

COCOAPODS: 1.0.1
