// !$*UTF8*$!
{
	archiveVersion = 1;
	classes = {
	};
	objectVersion = 46;
	objects = {

/* Begin PBXBuildFile section */
		EBFA21881D76465100FAFB0C /* AppDelegate.swift in Sources */ = {isa = PBXBuildFile; fileRef = EBFA21871D76465100FAFB0C /* AppDelegate.swift */; };
		EBFA218A1D76465100FAFB0C /* ViewController.swift in Sources */ = {isa = PBXBuildFile; fileRef = EBFA21891D76465100FAFB0C /* ViewController.swift */; };
		EBFA218D1D76465100FAFB0C /* Main.storyboard in Resources */ = {isa = PBXBuildFile; fileRef = EBFA218B1D76465100FAFB0C /* Main.storyboard */; };
		EBFA21901D76465100FAFB0C /* ExemploMigracao.xcdatamodeld in Sources */ = {isa = PBXBuildFile; fileRef = EBFA218E1D76465100FAFB0C /* ExemploMigracao.xcdatamodeld */; };
		EBFA21921D76465100FAFB0C /* Assets.xcassets in Resources */ = {isa = PBXBuildFile; fileRef = EBFA21911D76465100FAFB0C /* Assets.xcassets */; };
		EBFA21951D76465100FAFB0C /* LaunchScreen.storyboard in Resources */ = {isa = PBXBuildFile; fileRef = EBFA21931D76465100FAFB0C /* LaunchScreen.storyboard */; };
		EBFA219E1D7646BE00FAFB0C /* Pessoa+CoreDataProperties.swift in Sources */ = {isa = PBXBuildFile; fileRef = EBFA219C1D7646BE00FAFB0C /* Pessoa+CoreDataProperties.swift */; };
		EBFA219F1D7646BE00FAFB0C /* Pessoa.swift in Sources */ = {isa = PBXBuildFile; fileRef = EBFA219D1D7646BE00FAFB0C /* Pessoa.swift */; };
/* End PBXBuildFile section */

/* Begin PBXFileReference section */
		EBFA21841D76465100FAFB0C /* ExemploMigracao.app */ = {isa = PBXFileReference; explicitFileType = wrapper.application; includeInIndex = 0; path = ExemploMigracao.app; sourceTree = BUILT_PRODUCTS_DIR; };
		EBFA21871D76465100FAFB0C /* AppDelegate.swift */ = {isa = PBXFileReference; lastKnownFileType = sourcecode.swift; path = AppDelegate.swift; sourceTree = "<group>"; };
		EBFA21891D76465100FAFB0C /* ViewController.swift */ = {isa = PBXFileReference; lastKnownFileType = sourcecode.swift; path = ViewController.swift; sourceTree = "<group>"; };
		EBFA218C1D76465100FAFB0C /* Base */ = {isa = PBXFileReference; lastKnownFileType = file.storyboard; name = Base; path = Base.lproj/Main.storyboard; sourceTree = "<group>"; };
		EBFA218F1D76465100FAFB0C /* ExemploMigracao.xcdatamodel */ = {isa = PBXFileReference; lastKnownFileType = wrapper.xcdatamodel; path = ExemploMigracao.xcdatamodel; sourceTree = "<group>"; };
		EBFA21911D76465100FAFB0C /* Assets.xcassets */ = {isa = PBXFileReference; lastKnownFileType = folder.assetcatalog; path = Assets.xcassets; sourceTree = "<group>"; };
		EBFA21941D76465100FAFB0C /* Base */ = {isa = PBXFileReference; lastKnownFileType = file.storyboard; name = Base; path = Base.lproj/LaunchScreen.storyboard; sourceTree = "<group>"; };
		EBFA21961D76465100FAFB0C /* Info.plist */ = {isa = PBXFileReference; lastKnownFileType = text.plist.xml; path = Info.plist; sourceTree = "<group>"; };
		EBFA219C1D7646BE00FAFB0C /* Pessoa+CoreDataProperties.swift */ = {isa = PBXFileReference; fileEncoding = 4; lastKnownFileType = sourcecode.swift; path = "Pessoa+CoreDataProperties.swift"; sourceTree = "<group>"; };
		EBFA219D1D7646BE00FAFB0C /* Pessoa.swift */ = {isa = PBXFileReference; fileEncoding = 4; lastKnownFileType = sourcecode.swift; path = Pessoa.swift; sourceTree = "<group>"; };
		EBFA21A01D76498900FAFB0C /* ExemploMigracao_v2.xcdatamodel */ = {isa = PBXFileReference; lastKnownFileType = wrapper.xcdatamodel; path = ExemploMigracao_v2.xcdatamodel; sourceTree = "<group>"; };
		EBFA21A11D764BAD00FAFB0C /* ExemploMigracao_v3.xcdatamodel */ = {isa = PBXFileReference; lastKnownFileType = wrapper.xcdatamodel; path = ExemploMigracao_v3.xcdatamodel; sourceTree = "<group>"; };
/* End PBXFileReference section */

/* Begin PBXFrameworksBuildPhase section */
		EBFA21811D76465100FAFB0C /* Frameworks */ = {
			isa = PBXFrameworksBuildPhase;
			buildActionMask = 2147483647;
			files = (
			);
			runOnlyForDeploymentPostprocessing = 0;
		};
/* End PBXFrameworksBuildPhase section */

/* Begin PBXGroup section */
		EBFA217B1D76465100FAFB0C = {
			isa = PBXGroup;
			children = (
				EBFA21861D76465100FAFB0C /* ExemploMigracao */,
				EBFA21851D76465100FAFB0C /* Products */,
			);
			sourceTree = "<group>";
		};
		EBFA21851D76465100FAFB0C /* Products */ = {
			isa = PBXGroup;
			children = (
				EBFA21841D76465100FAFB0C /* ExemploMigracao.app */,
			);
			name = Products;
			sourceTree = "<group>";
		};
		EBFA21861D76465100FAFB0C /* ExemploMigracao */ = {
			isa = PBXGroup;
			children = (
				EBFA21871D76465100FAFB0C /* AppDelegate.swift */,
				EBFA21891D76465100FAFB0C /* ViewController.swift */,
				EBFA218B1D76465100FAFB0C /* Main.storyboard */,
				EBFA21911D76465100FAFB0C /* Assets.xcassets */,
				EBFA21931D76465100FAFB0C /* LaunchScreen.storyboard */,
				EBFA21961D76465100FAFB0C /* Info.plist */,
				EBFA218E1D76465100FAFB0C /* ExemploMigracao.xcdatamodeld */,
				EBFA219C1D7646BE00FAFB0C /* Pessoa+CoreDataProperties.swift */,
				EBFA219D1D7646BE00FAFB0C /* Pessoa.swift */,
			);
			path = ExemploMigracao;
			sourceTree = "<group>";
		};
/* End PBXGroup section */

/* Begin PBXNativeTarget section */
		EBFA21831D76465100FAFB0C /* ExemploMigracao */ = {
			isa = PBXNativeTarget;
			buildConfigurationList = EBFA21991D76465100FAFB0C /* Build configuration list for PBXNativeTarget "ExemploMigracao" */;
			buildPhases = (
				EBFA21801D76465100FAFB0C /* Sources */,
				EBFA21811D76465100FAFB0C /* Frameworks */,
				EBFA21821D76465100FAFB0C /* Resources */,
			);
			buildRules = (
			);
			dependencies = (
			);
			name = ExemploMigracao;
			productName = ExemploMigracao;
			productReference = EBFA21841D76465100FAFB0C /* ExemploMigracao.app */;
			productType = "com.apple.product-type.application";
		};
/* End PBXNativeTarget section */

/* Begin PBXProject section */
		EBFA217C1D76465100FAFB0C /* Project object */ = {
			isa = PBXProject;
			attributes = {
				LastSwiftUpdateCheck = 0730;
				LastUpgradeCheck = 0730;
				ORGANIZATIONNAME = IESB;
				TargetAttributes = {
					EBFA21831D76465100FAFB0C = {
						CreatedOnToolsVersion = 7.3.1;
					};
				};
			};
			buildConfigurationList = EBFA217F1D76465100FAFB0C /* Build configuration list for PBXProject "ExemploMigracao" */;
			compatibilityVersion = "Xcode 3.2";
			developmentRegion = English;
			hasScannedForEncodings = 0;
			knownRegions = (
				en,
				Base,
			);
			mainGroup = EBFA217B1D76465100FAFB0C;
			productRefGroup = EBFA21851D76465100FAFB0C /* Products */;
			projectDirPath = "";
			projectRoot = "";
			targets = (
				EBFA21831D76465100FAFB0C /* ExemploMigracao */,
			);
		};
/* End PBXProject section */

/* Begin PBXResourcesBuildPhase section */
		EBFA21821D76465100FAFB0C /* Resources */ = {
			isa = PBXResourcesBuildPhase;
			buildActionMask = 2147483647;
			files = (
				EBFA21951D76465100FAFB0C /* LaunchScreen.storyboard in Resources */,
				EBFA21921D76465100FAFB0C /* Assets.xcassets in Resources */,
				EBFA218D1D76465100FAFB0C /* Main.storyboard in Resources */,
			);
			runOnlyForDeploymentPostprocessing = 0;
		};
/* End PBXResourcesBuildPhase section */

/* Begin PBXSourcesBuildPhase section */
		EBFA21801D76465100FAFB0C /* Sources */ = {
			isa = PBXSourcesBuildPhase;
			buildActionMask = 2147483647;
			files = (
				EBFA219F1D7646BE00FAFB0C /* Pessoa.swift in Sources */,
				EBFA219E1D7646BE00FAFB0C /* Pessoa+CoreDataProperties.swift in Sources */,
				EBFA21901D76465100FAFB0C /* ExemploMigracao.xcdatamodeld in Sources */,
				EBFA218A1D76465100FAFB0C /* ViewController.swift in Sources */,
				EBFA21881D76465100FAFB0C /* AppDelegate.swift in Sources */,
			);
			runOnlyForDeploymentPostprocessing = 0;
		};
/* End PBXSourcesBuildPhase section */

/* Begin PBXVariantGroup section */
		EBFA218B1D76465100FAFB0C /* Main.storyboard */ = {
			isa = PBXVariantGroup;
			children = (
				EBFA218C1D76465100FAFB0C /* Base */,
			);
			name = Main.storyboard;
			sourceTree = "<group>";
		};
		EBFA21931D76465100FAFB0C /* LaunchScreen.storyboard */ = {
			isa = PBXVariantGroup;
			children = (
				EBFA21941D76465100FAFB0C /* Base */,
			);
			name = LaunchScreen.storyboard;
			sourceTree = "<group>";
		};
/* End PBXVariantGroup section */

/* Begin XCBuildConfiguration section */
		EBFA21971D76465100FAFB0C /* Debug */ = {
			isa = XCBuildConfiguration;
			buildSettings = {
				ALWAYS_SEARCH_USER_PATHS = NO;
				CLANG_ANALYZER_NONNULL = YES;
				CLANG_CXX_LANGUAGE_STANDARD = "gnu++0x";
				CLANG_CXX_LIBRARY = "libc++";
				CLANG_ENABLE_MODULES = YES;
				CLANG_ENABLE_OBJC_ARC = YES;
				CLANG_WARN_BOOL_CONVERSION = YES;
				CLANG_WARN_CONSTANT_CONVERSION = YES;
				CLANG_WARN_DIRECT_OBJC_ISA_USAGE = YES_ERROR;
				CLANG_WARN_EMPTY_BODY = YES;
				CLANG_WARN_ENUM_CONVERSION = YES;
				CLANG_WARN_INT_CONVERSION = YES;
				CLANG_WARN_OBJC_ROOT_CLASS = YES_ERROR;
				CLANG_WARN_UNREACHABLE_CODE = YES;
				CLANG_WARN__DUPLICATE_METHOD_MATCH = YES;
				"CODE_SIGN_IDENTITY[sdk=iphoneos*]" = "iPhone Developer";
				COPY_PHASE_STRIP = NO;
				DEBUG_INFORMATION_FORMAT = dwarf;
				ENABLE_STRICT_OBJC_MSGSEND = YES;
				ENABLE_TESTABILITY = YES;
				GCC_C_LANGUAGE_STANDARD = gnu99;
				GCC_DYNAMIC_NO_PIC = NO;
				GCC_NO_COMMON_BLOCKS = YES;
				GCC_OPTIMIZATION_LEVEL = 0;
				GCC_PREPROCESSOR_DEFINITIONS = (
					"DEBUG=1",
					"$(inherited)",
				);
				GCC_WARN_64_TO_32_BIT_CONVERSION = YES;
				GCC_WARN_ABOUT_RETURN_TYPE = YES_ERROR;
				GCC_WARN_UNDECLARED_SELECTOR = YES;
				GCC_WARN_UNINITIALIZED_AUTOS = YES_AGGRESSIVE;
				GCC_WARN_UNUSED_FUNCTION = YES;
				GCC_WARN_UNUSED_VARIABLE = YES;
				IPHONEOS_DEPLOYMENT_TARGET = 9.3;
				MTL_ENABLE_DEBUG_INFO = YES;
				ONLY_ACTIVE_ARCH = YES;
				SDKROOT = iphoneos;
				SWIFT_OPTIMIZATION_LEVEL = "-Onone";
				TARGETED_DEVICE_FAMILY = "1,2";
			};
			name = Debug;
		};
		EBFA21981D76465100FAFB0C /* Release */ = {
			isa = XCBuildConfiguration;
			buildSettings = {
				ALWAYS_SEARCH_USER_PATHS = NO;
				CLANG_ANALYZER_NONNULL = YES;
				CLANG_CXX_LANGUAGE_STANDARD = "gnu++0x";
				CLANG_CXX_LIBRARY = "libc++";
				CLANG_ENABLE_MODULES = YES;
				CLANG_ENABLE_OBJC_ARC = YES;
				CLANG_WARN_BOOL_CONVERSION = YES;
				CLANG_WARN_CONSTANT_CONVERSION = YES;
				CLANG_WARN_DIRECT_OBJC_ISA_USAGE = YES_ERROR;
				CLANG_WARN_EMPTY_BODY = YES;
				CLANG_WARN_ENUM_CONVERSION = YES;
				CLANG_WARN_INT_CONVERSION = YES;
				CLANG_WARN_OBJC_ROOT_CLASS = YES_ERROR;
				CLANG_WARN_UNREACHABLE_CODE = YES;
				CLANG_WARN__DUPLICATE_METHOD_MATCH = YES;
				"CODE_SIGN_IDENTITY[sdk=iphoneos*]" = "iPhone Developer";
				COPY_PHASE_STRIP = NO;
				DEBUG_INFORMATION_FORMAT = "dwarf-with-dsym";
				ENABLE_NS_ASSERTIONS = NO;
				ENABLE_STRICT_OBJC_MSGSEND = YES;
				GCC_C_LANGUAGE_STANDARD = gnu99;
				GCC_NO_COMMON_BLOCKS = YES;
				GCC_WARN_64_TO_32_BIT_CONVERSION = YES;
				GCC_WARN_ABOUT_RETURN_TYPE = YES_ERROR;
				GCC_WARN_UNDECLARED_SELECTOR = YES;
				GCC_WARN_UNINITIALIZED_AUTOS = YES_AGGRESSIVE;
				GCC_WARN_UNUSED_FUNCTION = YES;
				GCC_WARN_UNUSED_VARIABLE = YES;
				IPHONEOS_DEPLOYMENT_TARGET = 9.3;
				MTL_ENABLE_DEBUG_INFO = NO;
				SDKROOT = iphoneos;
				TARGETED_DEVICE_FAMILY = "1,2";
				VALIDATE_PRODUCT = YES;
			};
			name = Release;
		};
		EBFA219A1D76465100FAFB0C /* Debug */ = {
			isa = XCBuildConfiguration;
			buildSettings = {
				ASSETCATALOG_COMPILER_APPICON_NAME = AppIcon;
				INFOPLIST_FILE = ExemploMigracao/Info.plist;
				LD_RUNPATH_SEARCH_PATHS = "$(inherited) @executable_path/Frameworks";
				PRODUCT_BUNDLE_IDENTIFIER = br.iesb.ExemploMigracao;
				PRODUCT_NAME = "$(TARGET_NAME)";
			};
			name = Debug;
		};
		EBFA219B1D76465100FAFB0C /* Release */ = {
			isa = XCBuildConfiguration;
			buildSettings = {
				ASSETCATALOG_COMPILER_APPICON_NAME = AppIcon;
				INFOPLIST_FILE = ExemploMigracao/Info.plist;
				LD_RUNPATH_SEARCH_PATHS = "$(inherited) @executable_path/Frameworks";
				PRODUCT_BUNDLE_IDENTIFIER = br.iesb.ExemploMigracao;
				PRODUCT_NAME = "$(TARGET_NAME)";
			};
			name = Release;
		};
/* End XCBuildConfiguration section */

/* Begin XCConfigurationList section */
		EBFA217F1D76465100FAFB0C /* Build configuration list for PBXProject "ExemploMigracao" */ = {
			isa = XCConfigurationList;
			buildConfigurations = (
				EBFA21971D76465100FAFB0C /* Debug */,
				EBFA21981D76465100FAFB0C /* Release */,
			);
			defaultConfigurationIsVisible = 0;
			defaultConfigurationName = Release;
		};
		EBFA21991D76465100FAFB0C /* Build configuration list for PBXNativeTarget "ExemploMigracao" */ = {
			isa = XCConfigurationList;
			buildConfigurations = (
				EBFA219A1D76465100FAFB0C /* Debug */,
				EBFA219B1D76465100FAFB0C /* Release */,
			);
			defaultConfigurationIsVisible = 0;
		};
/* End XCConfigurationList section */

/* Begin XCVersionGroup section */
		EBFA218E1D76465100FAFB0C /* ExemploMigracao.xcdatamodeld */ = {
			isa = XCVersionGroup;
			children = (
				EBFA21A11D764BAD00FAFB0C /* ExemploMigracao_v3.xcdatamodel */,
				EBFA21A01D76498900FAFB0C /* ExemploMigracao_v2.xcdatamodel */,
				EBFA218F1D76465100FAFB0C /* ExemploMigracao.xcdatamodel */,
			);
			currentVersion = EBFA21A11D764BAD00FAFB0C /* ExemploMigracao_v3.xcdatamodel */;
			path = ExemploMigracao.xcdatamodeld;
			sourceTree = "<group>";
			versionGroupType = wrapper.xcdatamodel;
		};
/* End XCVersionGroup section */
	};
	rootObject = EBFA217C1D76465100FAFB0C /* Project object */;
}
